
Microsoft Visual Studio Solution File, Format Version 12.00
# Visual Studio Version 17
VisualStudioVersion = 17.10.35122.118
MinimumVisualStudioVersion = 10.0.40219.1
Project("{8BC9CEB8-8B4A-11D0-8D11-00A0C91BC942}") = "FpLtg", "FpLtg\FpLtg.vcxproj", "{D7A8926F-8E27-41CA-8FB6-4B5F7DAC878E}"
EndProject
Project("{8BC9CEB8-8B4A-11D0-8D11-00A0C91BC942}") = "CppLightingClient", "CppLightingClient\CppLightingClient.vcxproj", "{5BD51BBD-129A-41B7-86AA-020E90795710}"
	ProjectSection(ProjectDependencies) = postProject
		{D7A8926F-8E27-41CA-8FB6-4B5F7DAC878E} = {D7A8926F-8E27-41CA-8FB6-4B5F7DAC878E}
	EndProjectSection
EndProject
Project("{9A19103F-16F7-4668-BE54-9A1E7A4F7556}") = "Console_dotNET_client", "Console_dotNET_client\Console_dotNET_client.csproj", "{A5735EAC-A068-4621-958F-FDC4DAEC737C}"
	ProjectSection(ProjectDependencies) = postProject
		{D7A8926F-8E27-41CA-8FB6-4B5F7DAC878E} = {D7A8926F-8E27-41CA-8FB6-4B5F7DAC878E}
	EndProjectSection
EndProject
Project("{9A19103F-16F7-4668-BE54-9A1E7A4F7556}") = "LightingDemo", "LightingDemo\LightingDemo.csproj", "{0BCFC83C-B361-46A6-AC83-F3ADE6029FFA}"
	ProjectSection(ProjectDependencies) = postProject
		{D7A8926F-8E27-41CA-8FB6-4B5F7DAC878E} = {D7A8926F-8E27-41CA-8FB6-4B5F7DAC878E}
	EndProjectSection
EndProject
Project("{54435603-DBB4-11D2-8724-00A0C9A8B90C}") = "DemoSetup", "DemoSetup\DemoSetup.vdproj", "{89FC8F4D-18F9-4AB0-AEC1-B2BAE03DECA5}"
EndProject
Global
	GlobalSection(SolutionConfigurationPlatforms) = preSolution
		Debug|Any CPU = Debug|Any CPU
		Debug|x64 = Debug|x64
		Debug|x86 = Debug|x86
		Release|Any CPU = Release|Any CPU
		Release|x64 = Release|x64
		Release|x86 = Release|x86
	EndGlobalSection
	GlobalSection(ProjectConfigurationPlatforms) = postSolution
		{D7A8926F-8E27-41CA-8FB6-4B5F7DAC878E}.Debug|Any CPU.ActiveCfg = Debug|x64
		{D7A8926F-8E27-41CA-8FB6-4B5F7DAC878E}.Debug|Any CPU.Build.0 = Debug|x64
		{D7A8926F-8E27-41CA-8FB6-4B5F7DAC878E}.Debug|x64.ActiveCfg = Debug|x64
		{D7A8926F-8E27-41CA-8FB6-4B5F7DAC878E}.Debug|x64.Build.0 = Debug|x64
		{D7A8926F-8E27-41CA-8FB6-4B5F7DAC878E}.Debug|x86.ActiveCfg = Debug|Win32
		{D7A8926F-8E27-41CA-8FB6-4B5F7DAC878E}.Debug|x86.Build.0 = Debug|Win32
		{D7A8926F-8E27-41CA-8FB6-4B5F7DAC878E}.Release|Any CPU.ActiveCfg = Release|x64
		{D7A8926F-8E27-41CA-8FB6-4B5F7DAC878E}.Release|Any CPU.Build.0 = Release|x64
		{D7A8926F-8E27-41CA-8FB6-4B5F7DAC878E}.Release|x64.ActiveCfg = Release|x64
		{D7A8926F-8E27-41CA-8FB6-4B5F7DAC878E}.Release|x64.Build.0 = Release|x64
		{D7A8926F-8E27-41CA-8FB6-4B5F7DAC878E}.Release|x86.ActiveCfg = Release|Win32
		{D7A8926F-8E27-41CA-8FB6-4B5F7DAC878E}.Release|x86.Build.0 = Release|Win32
		{5BD51BBD-129A-41B7-86AA-020E90795710}.Debug|Any CPU.ActiveCfg = Debug|x64
		{5BD51BBD-129A-41B7-86AA-020E90795710}.Debug|Any CPU.Build.0 = Debug|x64
		{5BD51BBD-129A-41B7-86AA-020E90795710}.Debug|x64.ActiveCfg = Debug|x64
		{5BD51BBD-129A-41B7-86AA-020E90795710}.Debug|x64.Build.0 = Debug|x64
		{5BD51BBD-129A-41B7-86AA-020E90795710}.Debug|x86.ActiveCfg = Debug|Win32
		{5BD51BBD-129A-41B7-86AA-020E90795710}.Debug|x86.Build.0 = Debug|Win32
		{5BD51BBD-129A-41B7-86AA-020E90795710}.Release|Any CPU.ActiveCfg = Release|x64
		{5BD51BBD-129A-41B7-86AA-020E90795710}.Release|Any CPU.Build.0 = Release|x64
		{5BD51BBD-129A-41B7-86AA-020E90795710}.Release|x64.ActiveCfg = Release|x64
		{5BD51BBD-129A-41B7-86AA-020E90795710}.Release|x64.Build.0 = Release|x64
		{5BD51BBD-129A-41B7-86AA-020E90795710}.Release|x86.ActiveCfg = Release|Win32
		{5BD51BBD-129A-41B7-86AA-020E90795710}.Release|x86.Build.0 = Release|Win32
		{A5735EAC-A068-4621-958F-FDC4DAEC737C}.Debug|Any CPU.ActiveCfg = Debug|Any CPU
		{A5735EAC-A068-4621-958F-FDC4DAEC737C}.Debug|Any CPU.Build.0 = Debug|Any CPU
		{A5735EAC-A068-4621-958F-FDC4DAEC737C}.Debug|x64.ActiveCfg = Debug|Any CPU
		{A5735EAC-A068-4621-958F-FDC4DAEC737C}.Debug|x64.Build.0 = Debug|Any CPU
		{A5735EAC-A068-4621-958F-FDC4DAEC737C}.Debug|x86.ActiveCfg = Debug|Any CPU
		{A5735EAC-A068-4621-958F-FDC4DAEC737C}.Debug|x86.Build.0 = Debug|Any CPU
		{A5735EAC-A068-4621-958F-FDC4DAEC737C}.Release|Any CPU.ActiveCfg = Release|Any CPU
		{A5735EAC-A068-4621-958F-FDC4DAEC737C}.Release|Any CPU.Build.0 = Release|Any CPU
		{A5735EAC-A068-4621-958F-FDC4DAEC737C}.Release|x64.ActiveCfg = Release|Any CPU
		{A5735EAC-A068-4621-958F-FDC4DAEC737C}.Release|x64.Build.0 = Release|Any CPU
		{A5735EAC-A068-4621-958F-FDC4DAEC737C}.Release|x86.ActiveCfg = Release|Any CPU
		{A5735EAC-A068-4621-958F-FDC4DAEC737C}.Release|x86.Build.0 = Release|Any CPU
		{0BCFC83C-B361-46A6-AC83-F3ADE6029FFA}.Debug|Any CPU.ActiveCfg = Debug|Any CPU
		{0BCFC83C-B361-46A6-AC83-F3ADE6029FFA}.Debug|Any CPU.Build.0 = Debug|Any CPU
		{0BCFC83C-B361-46A6-AC83-F3ADE6029FFA}.Debug|x64.ActiveCfg = Debug|Any CPU
		{0BCFC83C-B361-46A6-AC83-F3ADE6029FFA}.Debug|x64.Build.0 = Debug|Any CPU
		{0BCFC83C-B361-46A6-AC83-F3ADE6029FFA}.Debug|x86.ActiveCfg = Debug|Any CPU
		{0BCFC83C-B361-46A6-AC83-F3ADE6029FFA}.Debug|x86.Build.0 = Debug|Any CPU
		{0BCFC83C-B361-46A6-AC83-F3ADE6029FFA}.Release|Any CPU.ActiveCfg = Release|Any CPU
		{0BCFC83C-B361-46A6-AC83-F3ADE6029FFA}.Release|Any CPU.Build.0 = Release|Any CPU
		{0BCFC83C-B361-46A6-AC83-F3ADE6029FFA}.Release|x64.ActiveCfg = Release|Any CPU
		{0BCFC83C-B361-46A6-AC83-F3ADE6029FFA}.Release|x64.Build.0 = Release|Any CPU
		{0BCFC83C-B361-46A6-AC83-F3ADE6029FFA}.Release|x86.ActiveCfg = Release|Any CPU
		{0BCFC83C-B361-46A6-AC83-F3ADE6029FFA}.Release|x86.Build.0 = Release|Any CPU
		{89FC8F4D-18F9-4AB0-AEC1-B2BAE03DECA5}.Debug|Any CPU.ActiveCfg = Debug
		{89FC8F4D-18F9-4AB0-AEC1-B2BAE03DECA5}.Debug|x64.ActiveCfg = Debug
		{89FC8F4D-18F9-4AB0-AEC1-B2BAE03DECA5}.Debug|x86.ActiveCfg = Debug
		{89FC8F4D-18F9-4AB0-AEC1-B2BAE03DECA5}.Release|Any CPU.ActiveCfg = Release
		{89FC8F4D-18F9-4AB0-AEC1-B2BAE03DECA5}.Release|x64.ActiveCfg = Release
		{89FC8F4D-18F9-4AB0-AEC1-B2BAE03DECA5}.Release|x86.ActiveCfg = Release
	EndGlobalSection
	GlobalSection(SolutionProperties) = preSolution
		HideSolutionNode = FALSE
	EndGlobalSection
	GlobalSection(ExtensibilityGlobals) = postSolution
		SolutionGuid = {002F6E8F-34BE-4CEF-9545-D6AA858CB510}
	EndGlobalSection
EndGlobal
